
Microsoft Visual Studio Solution File, Format Version 12.00
# Visual Studio Version 16
VisualStudioVersion = 16.0.30907.101
MinimumVisualStudioVersion = 10.0.40219.1
Project("{FAE04EC0-301F-11D3-BF4B-00C04F79EFBC}") = "SRCCore", "SRCCore\SRCCore.csproj", "{56FD3D1B-A1FA-43D6-B028-7454C91DF9A9}"
EndProject
Global
	GlobalSection(SolutionConfigurationPlatforms) = preSolution
		Debug|Any CPU = Debug|Any CPU
		Release|Any CPU = Release|Any CPU
	EndGlobalSection
	GlobalSection(ProjectConfigurationPlatforms) = postSolution
		{56FD3D1B-A1FA-43D6-B028-7454C91DF9A9}.Debug|Any CPU.ActiveCfg = Debug|Any CPU
		{56FD3D1B-A1FA-43D6-B028-7454C91DF9A9}.Debug|Any CPU.Build.0 = Debug|Any CPU
		{56FD3D1B-A1FA-43D6-B028-7454C91DF9A9}.Release|Any CPU.ActiveCfg = Release|Any CPU
		{56FD3D1B-A1FA-43D6-B028-7454C91DF9A9}.Release|Any CPU.Build.0 = Release|Any CPU
	EndGlobalSection
	GlobalSection(SolutionProperties) = preSolution
		HideSolutionNode = FALSE
	EndGlobalSection
	GlobalSection(ExtensibilityGlobals) = postSolution
		SolutionGuid = {B2DF5B5A-58D9-447A-8D02-0740EAC37C8A}
	EndGlobalSection
EndGlobal
