
Microsoft Visual Studio Solution File, Format Version 12.00
# Visual Studio Version 16
VisualStudioVersion = 16.0.30907.101
MinimumVisualStudioVersion = 10.0.40219.1
Project("{9A19103F-16F7-4668-BE54-9A1E7A4F7556}") = "SRCCore", "SRCCore\SRCCore.csproj", "{56FD3D1B-A1FA-43D6-B028-7454C91DF9A9}"
EndProject
Project("{9A19103F-16F7-4668-BE54-9A1E7A4F7556}") = "SRCTestForm", "SRCTestForm\SRCTestForm.csproj", "{082AA560-2DB5-4788-9295-551F4033C956}"
EndProject
Project("{9A19103F-16F7-4668-BE54-9A1E7A4F7556}") = "SRCCoreTests", "SRCCoreTests\SRCCoreTests.csproj", "{418E1229-D069-47F6-BCC1-F35BE6B14AF1}"
EndProject
Project("{9A19103F-16F7-4668-BE54-9A1E7A4F7556}") = "SRCTestBlazor", "SRCTestBlazor\SRCTestBlazor.csproj", "{55B5C719-9B7A-409B-98DC-8871250E0171}"
EndProject
Project("{9A19103F-16F7-4668-BE54-9A1E7A4F7556}") = "SRCDataLinter", "SRCDataLinter\SRCDataLinter.csproj", "{0B46627F-A02D-4D2A-A8A4-2F742F1F88C9}"
EndProject
Project("{2150E333-8FDC-42A3-9474-1A3956D46DE8}") = "Solution Items", "Solution Items", "{6608D825-FA82-4C6F-848A-98B6BDA1A186}"
	ProjectSection(SolutionItems) = preProject
		.editorconfig = .editorconfig
	EndProjectSection
EndProject
Project("{9A19103F-16F7-4668-BE54-9A1E7A4F7556}") = "SRCSharpForm", "SRCSharpForm\SRCSharpForm.csproj", "{3674F5BB-3D52-4EB6-89BA-1D15D9156CC3}"
EndProject
Project("{FAE04EC0-301F-11D3-BF4B-00C04F79EFBC}") = "SRCSharpFormTests", "SRCSharpFormTests\SRCSharpFormTests.csproj", "{518E557D-3BDA-44BC-8DEE-439AA5F12E1C}"
EndProject
Global
	GlobalSection(SolutionConfigurationPlatforms) = preSolution
		Debug|Any CPU = Debug|Any CPU
		Release|Any CPU = Release|Any CPU
	EndGlobalSection
	GlobalSection(ProjectConfigurationPlatforms) = postSolution
		{56FD3D1B-A1FA-43D6-B028-7454C91DF9A9}.Debug|Any CPU.ActiveCfg = Debug|Any CPU
		{56FD3D1B-A1FA-43D6-B028-7454C91DF9A9}.Debug|Any CPU.Build.0 = Debug|Any CPU
		{56FD3D1B-A1FA-43D6-B028-7454C91DF9A9}.Release|Any CPU.ActiveCfg = Release|Any CPU
		{56FD3D1B-A1FA-43D6-B028-7454C91DF9A9}.Release|Any CPU.Build.0 = Release|Any CPU
		{082AA560-2DB5-4788-9295-551F4033C956}.Debug|Any CPU.ActiveCfg = Debug|Any CPU
		{082AA560-2DB5-4788-9295-551F4033C956}.Debug|Any CPU.Build.0 = Debug|Any CPU
		{082AA560-2DB5-4788-9295-551F4033C956}.Release|Any CPU.ActiveCfg = Release|Any CPU
		{082AA560-2DB5-4788-9295-551F4033C956}.Release|Any CPU.Build.0 = Release|Any CPU
		{418E1229-D069-47F6-BCC1-F35BE6B14AF1}.Debug|Any CPU.ActiveCfg = Debug|Any CPU
		{418E1229-D069-47F6-BCC1-F35BE6B14AF1}.Debug|Any CPU.Build.0 = Debug|Any CPU
		{418E1229-D069-47F6-BCC1-F35BE6B14AF1}.Release|Any CPU.ActiveCfg = Release|Any CPU
		{418E1229-D069-47F6-BCC1-F35BE6B14AF1}.Release|Any CPU.Build.0 = Release|Any CPU
		{55B5C719-9B7A-409B-98DC-8871250E0171}.Debug|Any CPU.ActiveCfg = Debug|Any CPU
		{55B5C719-9B7A-409B-98DC-8871250E0171}.Debug|Any CPU.Build.0 = Debug|Any CPU
		{55B5C719-9B7A-409B-98DC-8871250E0171}.Release|Any CPU.ActiveCfg = Release|Any CPU
		{55B5C719-9B7A-409B-98DC-8871250E0171}.Release|Any CPU.Build.0 = Release|Any CPU
		{0B46627F-A02D-4D2A-A8A4-2F742F1F88C9}.Debug|Any CPU.ActiveCfg = Debug|Any CPU
		{0B46627F-A02D-4D2A-A8A4-2F742F1F88C9}.Debug|Any CPU.Build.0 = Debug|Any CPU
		{0B46627F-A02D-4D2A-A8A4-2F742F1F88C9}.Release|Any CPU.ActiveCfg = Release|Any CPU
		{0B46627F-A02D-4D2A-A8A4-2F742F1F88C9}.Release|Any CPU.Build.0 = Release|Any CPU
		{3674F5BB-3D52-4EB6-89BA-1D15D9156CC3}.Debug|Any CPU.ActiveCfg = Debug|Any CPU
		{3674F5BB-3D52-4EB6-89BA-1D15D9156CC3}.Debug|Any CPU.Build.0 = Debug|Any CPU
		{3674F5BB-3D52-4EB6-89BA-1D15D9156CC3}.Release|Any CPU.ActiveCfg = Release|Any CPU
		{3674F5BB-3D52-4EB6-89BA-1D15D9156CC3}.Release|Any CPU.Build.0 = Release|Any CPU
		{518E557D-3BDA-44BC-8DEE-439AA5F12E1C}.Debug|Any CPU.ActiveCfg = Debug|Any CPU
		{518E557D-3BDA-44BC-8DEE-439AA5F12E1C}.Debug|Any CPU.Build.0 = Debug|Any CPU
		{518E557D-3BDA-44BC-8DEE-439AA5F12E1C}.Release|Any CPU.ActiveCfg = Release|Any CPU
		{518E557D-3BDA-44BC-8DEE-439AA5F12E1C}.Release|Any CPU.Build.0 = Release|Any CPU
	EndGlobalSection
	GlobalSection(SolutionProperties) = preSolution
		HideSolutionNode = FALSE
	EndGlobalSection
	GlobalSection(ExtensibilityGlobals) = postSolution
		SolutionGuid = {B2DF5B5A-58D9-447A-8D02-0740EAC37C8A}
	EndGlobalSection
EndGlobal
